// !$*UTF8*$!
{
	archiveVersion = 1;
	classes = {
	};
	objectVersion = 77;
	objects = {

/* Begin PBXContainerItemProxy section */
		D5FFE19A2DAF30E600ADF28F /* PBXContainerItemProxy */ = {
			isa = PBXContainerItemProxy;
			containerPortal = D5FFE1812DAF30E500ADF28F /* Project object */;
			proxyType = 1;
			remoteGlobalIDString = D5FFE1882DAF30E500ADF28F;
			remoteInfo = MiniChallenge;
		};
		D5FFE1A42DAF30E600ADF28F /* PBXContainerItemProxy */ = {
			isa = PBXContainerItemProxy;
			containerPortal = D5FFE1812DAF30E500ADF28F /* Project object */;
			proxyType = 1;
			remoteGlobalIDString = D5FFE1882DAF30E500ADF28F;
			remoteInfo = MiniChallenge;
		};
/* End PBXContainerItemProxy section */

/* Begin PBXFileReference section */
		D5FFE1892DAF30E500ADF28F /* MiniChallenge.app */ = {isa = PBXFileReference; explicitFileType = wrapper.application; includeInIndex = 0; path = MiniChallenge.app; sourceTree = BUILT_PRODUCTS_DIR; };
		D5FFE1992DAF30E600ADF28F /* MiniChallengeTests.xctest */ = {isa = PBXFileReference; explicitFileType = wrapper.cfbundle; includeInIndex = 0; path = MiniChallengeTests.xctest; sourceTree = BUILT_PRODUCTS_DIR; };
		D5FFE1A32DAF30E600ADF28F /* MiniChallengeUITests.xctest */ = {isa = PBXFileReference; explicitFileType = wrapper.cfbundle; includeInIndex = 0; path = MiniChallengeUITests.xctest; sourceTree = BUILT_PRODUCTS_DIR; };
/* End PBXFileReference section */

/* Begin PBXFileSystemSynchronizedRootGroup section */
		D5FFE18B2DAF30E500ADF28F /* MiniChallenge */ = {
			isa = PBXFileSystemSynchronizedRootGroup;
			path = MiniChallenge;
			sourceTree = "<group>";
		};
		D5FFE19C2DAF30E600ADF28F /* MiniChallengeTests */ = {
			isa = PBXFileSystemSynchronizedRootGroup;
			path = MiniChallengeTests;
			sourceTree = "<group>";
		};
		D5FFE1A62DAF30E600ADF28F /* MiniChallengeUITests */ = {
			isa = PBXFileSystemSynchronizedRootGroup;
			path = MiniChallengeUITests;
			sourceTree = "<group>";
		};
/* End PBXFileSystemSynchronizedRootGroup section */

/* Begin PBXFrameworksBuildPhase section */
		D5FFE1862DAF30E500ADF28F /* Frameworks */ = {
			isa = PBXFrameworksBuildPhase;
			buildActionMask = 2147483647;
			files = (
			);
			runOnlyForDeploymentPostprocessing = 0;
		};
		D5FFE1962DAF30E600ADF28F /* Frameworks */ = {
			isa = PBXFrameworksBuildPhase;
			buildActionMask = 2147483647;
			files = (
			);
			runOnlyForDeploymentPostprocessing = 0;
		};
		D5FFE1A02DAF30E600ADF28F /* Frameworks */ = {
			isa = PBXFrameworksBuildPhase;
			buildActionMask = 2147483647;
			files = (
			);
			runOnlyForDeploymentPostprocessing = 0;
		};
/* End PBXFrameworksBuildPhase section */

/* Begin PBXGroup section */
		D5FFE1802DAF30E500ADF28F = {
			isa = PBXGroup;
			children = (
				D5FFE18B2DAF30E500ADF28F /* MiniChallenge */,
				D5FFE19C2DAF30E600ADF28F /* MiniChallengeTests */,
				D5FFE1A62DAF30E600ADF28F /* MiniChallengeUITests */,
				D5FFE18A2DAF30E500ADF28F /* Products */,
			);
			sourceTree = "<group>";
		};
		D5FFE18A2DAF30E500ADF28F /* Products */ = {
			isa = PBXGroup;
			children = (
				D5FFE1892DAF30E500ADF28F /* MiniChallenge.app */,
				D5FFE1992DAF30E600ADF28F /* MiniChallengeTests.xctest */,
				D5FFE1A32DAF30E600ADF28F /* MiniChallengeUITests.xctest */,
			);
			name = Products;
			sourceTree = "<group>";
		};
/* End PBXGroup section */

/* Begin PBXNativeTarget section */
		D5FFE1882DAF30E500ADF28F /* MiniChallenge */ = {
			isa = PBXNativeTarget;
			buildConfigurationList = D5FFE1AD2DAF30E600ADF28F /* Build configuration list for PBXNativeTarget "MiniChallenge" */;
			buildPhases = (
				D5FFE1852DAF30E500ADF28F /* Sources */,
				D5FFE1862DAF30E500ADF28F /* Frameworks */,
				D5FFE1872DAF30E500ADF28F /* Resources */,
			);
			buildRules = (
			);
			dependencies = (
			);
			fileSystemSynchronizedGroups = (
				D5FFE18B2DAF30E500ADF28F /* MiniChallenge */,
			);
			name = MiniChallenge;
			packageProductDependencies = (
			);
			productName = MiniChallenge;
			productReference = D5FFE1892DAF30E500ADF28F /* MiniChallenge.app */;
			productType = "com.apple.product-type.application";
		};
		D5FFE1982DAF30E600ADF28F /* MiniChallengeTests */ = {
			isa = PBXNativeTarget;
			buildConfigurationList = D5FFE1B02DAF30E600ADF28F /* Build configuration list for PBXNativeTarget "MiniChallengeTests" */;
			buildPhases = (
				D5FFE1952DAF30E600ADF28F /* Sources */,
				D5FFE1962DAF30E600ADF28F /* Frameworks */,
				D5FFE1972DAF30E600ADF28F /* Resources */,
			);
			buildRules = (
			);
			dependencies = (
				D5FFE19B2DAF30E600ADF28F /* PBXTargetDependency */,
			);
			fileSystemSynchronizedGroups = (
				D5FFE19C2DAF30E600ADF28F /* MiniChallengeTests */,
			);
			name = MiniChallengeTests;
			packageProductDependencies = (
			);
			productName = MiniChallengeTests;
			productReference = D5FFE1992DAF30E600ADF28F /* MiniChallengeTests.xctest */;
			productType = "com.apple.product-type.bundle.unit-test";
		};
		D5FFE1A22DAF30E600ADF28F /* MiniChallengeUITests */ = {
			isa = PBXNativeTarget;
			buildConfigurationList = D5FFE1B32DAF30E600ADF28F /* Build configuration list for PBXNativeTarget "MiniChallengeUITests" */;
			buildPhases = (
				D5FFE19F2DAF30E600ADF28F /* Sources */,
				D5FFE1A02DAF30E600ADF28F /* Frameworks */,
				D5FFE1A12DAF30E600ADF28F /* Resources */,
			);
			buildRules = (
			);
			dependencies = (
				D5FFE1A52DAF30E600ADF28F /* PBXTargetDependency */,
			);
			fileSystemSynchronizedGroups = (
				D5FFE1A62DAF30E600ADF28F /* MiniChallengeUITests */,
			);
			name = MiniChallengeUITests;
			packageProductDependencies = (
			);
			productName = MiniChallengeUITests;
			productReference = D5FFE1A32DAF30E600ADF28F /* MiniChallengeUITests.xctest */;
			productType = "com.apple.product-type.bundle.ui-testing";
		};
/* End PBXNativeTarget section */

/* Begin PBXProject section */
		D5FFE1812DAF30E500ADF28F /* Project object */ = {
			isa = PBXProject;
			attributes = {
				BuildIndependentTargetsInParallel = 1;
				LastSwiftUpdateCheck = 1620;
				LastUpgradeCheck = 1620;
				TargetAttributes = {
					D5FFE1882DAF30E500ADF28F = {
						CreatedOnToolsVersion = 16.2;
					};
					D5FFE1982DAF30E600ADF28F = {
						CreatedOnToolsVersion = 16.2;
						TestTargetID = D5FFE1882DAF30E500ADF28F;
					};
					D5FFE1A22DAF30E600ADF28F = {
						CreatedOnToolsVersion = 16.2;
						TestTargetID = D5FFE1882DAF30E500ADF28F;
					};
				};
			};
			buildConfigurationList = D5FFE1842DAF30E500ADF28F /* Build configuration list for PBXProject "MiniChallenge" */;
			developmentRegion = en;
			hasScannedForEncodings = 0;
			knownRegions = (
				en,
				Base,
			);
			mainGroup = D5FFE1802DAF30E500ADF28F;
			minimizedProjectReferenceProxies = 1;
			preferredProjectObjectVersion = 77;
			productRefGroup = D5FFE18A2DAF30E500ADF28F /* Products */;
			projectDirPath = "";
			projectRoot = "";
			targets = (
				D5FFE1882DAF30E500ADF28F /* MiniChallenge */,
				D5FFE1982DAF30E600ADF28F /* MiniChallengeTests */,
				D5FFE1A22DAF30E600ADF28F /* MiniChallengeUITests */,
			);
		};
/* End PBXProject section */

/* Begin PBXResourcesBuildPhase section */
		D5FFE1872DAF30E500ADF28F /* Resources */ = {
			isa = PBXResourcesBuildPhase;
			buildActionMask = 2147483647;
			files = (
			);
			runOnlyForDeploymentPostprocessing = 0;
		};
		D5FFE1972DAF30E600ADF28F /* Resources */ = {
			isa = PBXResourcesBuildPhase;
			buildActionMask = 2147483647;
			files = (
			);
			runOnlyForDeploymentPostprocessing = 0;
		};
		D5FFE1A12DAF30E600ADF28F /* Resources */ = {
			isa = PBXResourcesBuildPhase;
			buildActionMask = 2147483647;
			files = (
			);
			runOnlyForDeploymentPostprocessing = 0;
		};
/* End PBXResourcesBuildPhase section */

/* Begin PBXSourcesBuildPhase section */
		D5FFE1852DAF30E500ADF28F /* Sources */ = {
			isa = PBXSourcesBuildPhase;
			buildActionMask = 2147483647;
			files = (
			);
			runOnlyForDeploymentPostprocessing = 0;
		};
		D5FFE1952DAF30E600ADF28F /* Sources */ = {
			isa = PBXSourcesBuildPhase;
			buildActionMask = 2147483647;
			files = (
			);
			runOnlyForDeploymentPostprocessing = 0;
		};
		D5FFE19F2DAF30E600ADF28F /* Sources */ = {
			isa = PBXSourcesBuildPhase;
			buildActionMask = 2147483647;
			files = (
			);
			runOnlyForDeploymentPostprocessing = 0;
		};
/* End PBXSourcesBuildPhase section */

/* Begin PBXTargetDependency section */
		D5FFE19B2DAF30E600ADF28F /* PBXTargetDependency */ = {
			isa = PBXTargetDependency;
			target = D5FFE1882DAF30E500ADF28F /* MiniChallenge */;
			targetProxy = D5FFE19A2DAF30E600ADF28F /* PBXContainerItemProxy */;
		};
		D5FFE1A52DAF30E600ADF28F /* PBXTargetDependency */ = {
			isa = PBXTargetDependency;
			target = D5FFE1882DAF30E500ADF28F /* MiniChallenge */;
			targetProxy = D5FFE1A42DAF30E600ADF28F /* PBXContainerItemProxy */;
		};
/* End PBXTargetDependency section */

/* Begin XCBuildConfiguration section */
		D5FFE1AB2DAF30E600ADF28F /* Debug */ = {
			isa = XCBuildConfiguration;
			buildSettings = {
				ALWAYS_SEARCH_USER_PATHS = NO;
				ASSETCATALOG_COMPILER_GENERATE_SWIFT_ASSET_SYMBOL_EXTENSIONS = YES;
				CLANG_ANALYZER_NONNULL = YES;
				CLANG_ANALYZER_NUMBER_OBJECT_CONVERSION = YES_AGGRESSIVE;
				CLANG_CXX_LANGUAGE_STANDARD = "gnu++20";
				CLANG_ENABLE_MODULES = YES;
				CLANG_ENABLE_OBJC_ARC = YES;
				CLANG_ENABLE_OBJC_WEAK = YES;
				CLANG_WARN_BLOCK_CAPTURE_AUTORELEASING = YES;
				CLANG_WARN_BOOL_CONVERSION = YES;
				CLANG_WARN_COMMA = YES;
				CLANG_WARN_CONSTANT_CONVERSION = YES;
				CLANG_WARN_DEPRECATED_OBJC_IMPLEMENTATIONS = YES;
				CLANG_WARN_DIRECT_OBJC_ISA_USAGE = YES_ERROR;
				CLANG_WARN_DOCUMENTATION_COMMENTS = YES;
				CLANG_WARN_EMPTY_BODY = YES;
				CLANG_WARN_ENUM_CONVERSION = YES;
				CLANG_WARN_INFINITE_RECURSION = YES;
				CLANG_WARN_INT_CONVERSION = YES;
				CLANG_WARN_NON_LITERAL_NULL_CONVERSION = YES;
				CLANG_WARN_OBJC_IMPLICIT_RETAIN_SELF = YES;
				CLANG_WARN_OBJC_LITERAL_CONVERSION = YES;
				CLANG_WARN_OBJC_ROOT_CLASS = YES_ERROR;
				CLANG_WARN_QUOTED_INCLUDE_IN_FRAMEWORK_HEADER = YES;
				CLANG_WARN_RANGE_LOOP_ANALYSIS = YES;
				CLANG_WARN_STRICT_PROTOTYPES = YES;
				CLANG_WARN_SUSPICIOUS_MOVE = YES;
				CLANG_WARN_UNGUARDED_AVAILABILITY = YES_AGGRESSIVE;
				CLANG_WARN_UNREACHABLE_CODE = YES;
				CLANG_WARN__DUPLICATE_METHOD_MATCH = YES;
				COPY_PHASE_STRIP = NO;
				DEBUG_INFORMATION_FORMAT = dwarf;
				ENABLE_STRICT_OBJC_MSGSEND = YES;
				ENABLE_TESTABILITY = YES;
				ENABLE_USER_SCRIPT_SANDBOXING = YES;
				GCC_C_LANGUAGE_STANDARD = gnu17;
				GCC_DYNAMIC_NO_PIC = NO;
				GCC_NO_COMMON_BLOCKS = YES;
				GCC_OPTIMIZATION_LEVEL = 0;
				GCC_PREPROCESSOR_DEFINITIONS = (
					"DEBUG=1",
					"$(inherited)",
				);
				GCC_WARN_64_TO_32_BIT_CONVERSION = YES;
				GCC_WARN_ABOUT_RETURN_TYPE = YES_ERROR;
				GCC_WARN_UNDECLARED_SELECTOR = YES;
				GCC_WARN_UNINITIALIZED_AUTOS = YES_AGGRESSIVE;
				GCC_WARN_UNUSED_FUNCTION = YES;
				GCC_WARN_UNUSED_VARIABLE = YES;
				IPHONEOS_DEPLOYMENT_TARGET = 18.2;
				LOCALIZATION_PREFERS_STRING_CATALOGS = YES;
				MTL_ENABLE_DEBUG_INFO = INCLUDE_SOURCE;
				MTL_FAST_MATH = YES;
				ONLY_ACTIVE_ARCH = YES;
				SDKROOT = iphoneos;
				SWIFT_ACTIVE_COMPILATION_CONDITIONS = "DEBUG $(inherited)";
				SWIFT_OPTIMIZATION_LEVEL = "-Onone";
			};
			name = Debug;
		};
		D5FFE1AC2DAF30E600ADF28F /* Release */ = {
			isa = XCBuildConfiguration;
			buildSettings = {
				ALWAYS_SEARCH_USER_PATHS = NO;
				ASSETCATALOG_COMPILER_GENERATE_SWIFT_ASSET_SYMBOL_EXTENSIONS = YES;
				CLANG_ANALYZER_NONNULL = YES;
				CLANG_ANALYZER_NUMBER_OBJECT_CONVERSION = YES_AGGRESSIVE;
				CLANG_CXX_LANGUAGE_STANDARD = "gnu++20";
				CLANG_ENABLE_MODULES = YES;
				CLANG_ENABLE_OBJC_ARC = YES;
				CLANG_ENABLE_OBJC_WEAK = YES;
				CLANG_WARN_BLOCK_CAPTURE_AUTORELEASING = YES;
				CLANG_WARN_BOOL_CONVERSION = YES;
				CLANG_WARN_COMMA = YES;
				CLANG_WARN_CONSTANT_CONVERSION = YES;
				CLANG_WARN_DEPRECATED_OBJC_IMPLEMENTATIONS = YES;
				CLANG_WARN_DIRECT_OBJC_ISA_USAGE = YES_ERROR;
				CLANG_WARN_DOCUMENTATION_COMMENTS = YES;
				CLANG_WARN_EMPTY_BODY = YES;
				CLANG_WARN_ENUM_CONVERSION = YES;
				CLANG_WARN_INFINITE_RECURSION = YES;
				CLANG_WARN_INT_CONVERSION = YES;
				CLANG_WARN_NON_LITERAL_NULL_CONVERSION = YES;
				CLANG_WARN_OBJC_IMPLICIT_RETAIN_SELF = YES;
				CLANG_WARN_OBJC_LITERAL_CONVERSION = YES;
				CLANG_WARN_OBJC_ROOT_CLASS = YES_ERROR;
				CLANG_WARN_QUOTED_INCLUDE_IN_FRAMEWORK_HEADER = YES;
				CLANG_WARN_RANGE_LOOP_ANALYSIS = YES;
				CLANG_WARN_STRICT_PROTOTYPES = YES;
				CLANG_WARN_SUSPICIOUS_MOVE = YES;
				CLANG_WARN_UNGUARDED_AVAILABILITY = YES_AGGRESSIVE;
				CLANG_WARN_UNREACHABLE_CODE = YES;
				CLANG_WARN__DUPLICATE_METHOD_MATCH = YES;
				COPY_PHASE_STRIP = NO;
				DEBUG_INFORMATION_FORMAT = "dwarf-with-dsym";
				ENABLE_NS_ASSERTIONS = NO;
				ENABLE_STRICT_OBJC_MSGSEND = YES;
				ENABLE_USER_SCRIPT_SANDBOXING = YES;
				GCC_C_LANGUAGE_STANDARD = gnu17;
				GCC_NO_COMMON_BLOCKS = YES;
				GCC_WARN_64_TO_32_BIT_CONVERSION = YES;
				GCC_WARN_ABOUT_RETURN_TYPE = YES_ERROR;
				GCC_WARN_UNDECLARED_SELECTOR = YES;
				GCC_WARN_UNINITIALIZED_AUTOS = YES_AGGRESSIVE;
				GCC_WARN_UNUSED_FUNCTION = YES;
				GCC_WARN_UNUSED_VARIABLE = YES;
				IPHONEOS_DEPLOYMENT_TARGET = 18.2;
				LOCALIZATION_PREFERS_STRING_CATALOGS = YES;
				MTL_ENABLE_DEBUG_INFO = NO;
				MTL_FAST_MATH = YES;
				SDKROOT = iphoneos;
				SWIFT_COMPILATION_MODE = wholemodule;
				VALIDATE_PRODUCT = YES;
			};
			name = Release;
		};
		D5FFE1AE2DAF30E600ADF28F /* Debug */ = {
			isa = XCBuildConfiguration;
			buildSettings = {
				ASSETCATALOG_COMPILER_APPICON_NAME = AppIcon;
				ASSETCATALOG_COMPILER_GLOBAL_ACCENT_COLOR_NAME = AccentColor;
				CODE_SIGN_STYLE = Automatic;
				CURRENT_PROJECT_VERSION = 1;
				DEVELOPMENT_ASSET_PATHS = "\"MiniChallenge/Preview Content\"";
				DEVELOPMENT_TEAM = D4Z83823HG;
				ENABLE_PREVIEWS = YES;
				GENERATE_INFOPLIST_FILE = YES;
				INFOPLIST_KEY_UIApplicationSceneManifest_Generation = YES;
				INFOPLIST_KEY_UIApplicationSupportsIndirectInputEvents = YES;
				INFOPLIST_KEY_UILaunchScreen_Generation = YES;
				INFOPLIST_KEY_UISupportedInterfaceOrientations_iPad = "UIInterfaceOrientationPortrait UIInterfaceOrientationPortraitUpsideDown UIInterfaceOrientationLandscapeLeft UIInterfaceOrientationLandscapeRight";
				INFOPLIST_KEY_UISupportedInterfaceOrientations_iPhone = "UIInterfaceOrientationPortrait UIInterfaceOrientationLandscapeLeft UIInterfaceOrientationLandscapeRight";
				LD_RUNPATH_SEARCH_PATHS = (
					"$(inherited)",
					"@executable_path/Frameworks",
				);
				MARKETING_VERSION = 1.0;
				PRODUCT_BUNDLE_IDENTIFIER = com.jeha.MiniChallenge;
				PRODUCT_NAME = "$(TARGET_NAME)";
				SWIFT_EMIT_LOC_STRINGS = YES;
				SWIFT_VERSION = 5.0;
				TARGETED_DEVICE_FAMILY = "1,2";
			};
			name = Debug;
		};
		D5FFE1AF2DAF30E600ADF28F /* Release */ = {
			isa = XCBuildConfiguration;
			buildSettings = {
				ASSETCATALOG_COMPILER_APPICON_NAME = AppIcon;
				ASSETCATALOG_COMPILER_GLOBAL_ACCENT_COLOR_NAME = AccentColor;
				CODE_SIGN_STYLE = Automatic;
				CURRENT_PROJECT_VERSION = 1;
				DEVELOPMENT_ASSET_PATHS = "\"MiniChallenge/Preview Content\"";
				DEVELOPMENT_TEAM = D4Z83823HG;
				ENABLE_PREVIEWS = YES;
				GENERATE_INFOPLIST_FILE = YES;
				INFOPLIST_KEY_UIApplicationSceneManifest_Generation = YES;
				INFOPLIST_KEY_UIApplicationSupportsIndirectInputEvents = YES;
				INFOPLIST_KEY_UILaunchScreen_Generation = YES;
				INFOPLIST_KEY_UISupportedInterfaceOrientations_iPad = "UIInterfaceOrientationPortrait UIInterfaceOrientationPortraitUpsideDown UIInterfaceOrientationLandscapeLeft UIInterfaceOrientationLandscapeRight";
				INFOPLIST_KEY_UISupportedInterfaceOrientations_iPhone = "UIInterfaceOrientationPortrait UIInterfaceOrientationLandscapeLeft UIInterfaceOrientationLandscapeRight";
				LD_RUNPATH_SEARCH_PATHS = (
					"$(inherited)",
					"@executable_path/Frameworks",
				);
				MARKETING_VERSION = 1.0;
				PRODUCT_BUNDLE_IDENTIFIER = com.jeha.MiniChallenge;
				PRODUCT_NAME = "$(TARGET_NAME)";
				SWIFT_EMIT_LOC_STRINGS = YES;
				SWIFT_VERSION = 5.0;
				TARGETED_DEVICE_FAMILY = "1,2";
			};
			name = Release;
		};
		D5FFE1B12DAF30E600ADF28F /* Debug */ = {
			isa = XCBuildConfiguration;
			buildSettings = {
				BUNDLE_LOADER = "$(TEST_HOST)";
				CODE_SIGN_STYLE = Automatic;
				CURRENT_PROJECT_VERSION = 1;
				DEVELOPMENT_TEAM = D4Z83823HG;
				GENERATE_INFOPLIST_FILE = YES;
				IPHONEOS_DEPLOYMENT_TARGET = 18.2;
				MARKETING_VERSION = 1.0;
				PRODUCT_BUNDLE_IDENTIFIER = com.jeha.MiniChallengeTests;
				PRODUCT_NAME = "$(TARGET_NAME)";
				SWIFT_EMIT_LOC_STRINGS = NO;
				SWIFT_VERSION = 5.0;
				TARGETED_DEVICE_FAMILY = "1,2";
				TEST_HOST = "$(BUILT_PRODUCTS_DIR)/MiniChallenge.app/$(BUNDLE_EXECUTABLE_FOLDER_PATH)/MiniChallenge";
			};
			name = Debug;
		};
		D5FFE1B22DAF30E600ADF28F /* Release */ = {
			isa = XCBuildConfiguration;
			buildSettings = {
				BUNDLE_LOADER = "$(TEST_HOST)";
				CODE_SIGN_STYLE = Automatic;
				CURRENT_PROJECT_VERSION = 1;
				DEVELOPMENT_TEAM = D4Z83823HG;
				GENERATE_INFOPLIST_FILE = YES;
				IPHONEOS_DEPLOYMENT_TARGET = 18.2;
				MARKETING_VERSION = 1.0;
				PRODUCT_BUNDLE_IDENTIFIER = com.jeha.MiniChallengeTests;
				PRODUCT_NAME = "$(TARGET_NAME)";
				SWIFT_EMIT_LOC_STRINGS = NO;
				SWIFT_VERSION = 5.0;
				TARGETED_DEVICE_FAMILY = "1,2";
				TEST_HOST = "$(BUILT_PRODUCTS_DIR)/MiniChallenge.app/$(BUNDLE_EXECUTABLE_FOLDER_PATH)/MiniChallenge";
			};
			name = Release;
		};
		D5FFE1B42DAF30E600ADF28F /* Debug */ = {
			isa = XCBuildConfiguration;
			buildSettings = {
				CODE_SIGN_STYLE = Automatic;
				CURRENT_PROJECT_VERSION = 1;
				DEVELOPMENT_TEAM = D4Z83823HG;
				GENERATE_INFOPLIST_FILE = YES;
				MARKETING_VERSION = 1.0;
				PRODUCT_BUNDLE_IDENTIFIER = com.jeha.MiniChallengeUITests;
				PRODUCT_NAME = "$(TARGET_NAME)";
				SWIFT_EMIT_LOC_STRINGS = NO;
				SWIFT_VERSION = 5.0;
				TARGETED_DEVICE_FAMILY = "1,2";
				TEST_TARGET_NAME = MiniChallenge;
			};
			name = Debug;
		};
		D5FFE1B52DAF30E600ADF28F /* Release */ = {
			isa = XCBuildConfiguration;
			buildSettings = {
				CODE_SIGN_STYLE = Automatic;
				CURRENT_PROJECT_VERSION = 1;
				DEVELOPMENT_TEAM = D4Z83823HG;
				GENERATE_INFOPLIST_FILE = YES;
				MARKETING_VERSION = 1.0;
				PRODUCT_BUNDLE_IDENTIFIER = com.jeha.MiniChallengeUITests;
				PRODUCT_NAME = "$(TARGET_NAME)";
				SWIFT_EMIT_LOC_STRINGS = NO;
				SWIFT_VERSION = 5.0;
				TARGETED_DEVICE_FAMILY = "1,2";
				TEST_TARGET_NAME = MiniChallenge;
			};
			name = Release;
		};
/* End XCBuildConfiguration section */

/* Begin XCConfigurationList section */
		D5FFE1842DAF30E500ADF28F /* Build configuration list for PBXProject "MiniChallenge" */ = {
			isa = XCConfigurationList;
			buildConfigurations = (
				D5FFE1AB2DAF30E600ADF28F /* Debug */,
				D5FFE1AC2DAF30E600ADF28F /* Release */,
			);
			defaultConfigurationIsVisible = 0;
			defaultConfigurationName = Release;
		};
		D5FFE1AD2DAF30E600ADF28F /* Build configuration list for PBXNativeTarget "MiniChallenge" */ = {
			isa = XCConfigurationList;
			buildConfigurations = (
				D5FFE1AE2DAF30E600ADF28F /* Debug */,
				D5FFE1AF2DAF30E600ADF28F /* Release */,
			);
			defaultConfigurationIsVisible = 0;
			defaultConfigurationName = Release;
		};
		D5FFE1B02DAF30E600ADF28F /* Build configuration list for PBXNativeTarget "MiniChallengeTests" */ = {
			isa = XCConfigurationList;
			buildConfigurations = (
				D5FFE1B12DAF30E600ADF28F /* Debug */,
				D5FFE1B22DAF30E600ADF28F /* Release */,
			);
			defaultConfigurationIsVisible = 0;
			defaultConfigurationName = Release;
		};
		D5FFE1B32DAF30E600ADF28F /* Build configuration list for PBXNativeTarget "MiniChallengeUITests" */ = {
			isa = XCConfigurationList;
			buildConfigurations = (
				D5FFE1B42DAF30E600ADF28F /* Debug */,
				D5FFE1B52DAF30E600ADF28F /* Release */,
			);
			defaultConfigurationIsVisible = 0;
			defaultConfigurationName = Release;
		};
/* End XCConfigurationList section */
	};
	rootObject = D5FFE1812DAF30E500ADF28F /* Project object */;
}
